
Microsoft Visual Studio Solution File, Format Version 12.00
# Visual Studio Version 16
VisualStudioVersion = 16.0.31911.196
MinimumVisualStudioVersion = 10.0.40219.1
Project("{FAE04EC0-301F-11D3-BF4B-00C04F79EFBC}") = "Final_Calidad", "Final_Calidad\Final_Calidad.csproj", "{0745C169-7920-451A-972B-F5A263EA3FA6}"
EndProject
Global
	GlobalSection(SolutionConfigurationPlatforms) = preSolution
		Debug|Any CPU = Debug|Any CPU
		Release|Any CPU = Release|Any CPU
	EndGlobalSection
	GlobalSection(ProjectConfigurationPlatforms) = postSolution
		{0745C169-7920-451A-972B-F5A263EA3FA6}.Debug|Any CPU.ActiveCfg = Debug|Any CPU
		{0745C169-7920-451A-972B-F5A263EA3FA6}.Debug|Any CPU.Build.0 = Debug|Any CPU
		{0745C169-7920-451A-972B-F5A263EA3FA6}.Release|Any CPU.ActiveCfg = Release|Any CPU
		{0745C169-7920-451A-972B-F5A263EA3FA6}.Release|Any CPU.Build.0 = Release|Any CPU
	EndGlobalSection
	GlobalSection(SolutionProperties) = preSolution
		HideSolutionNode = FALSE
	EndGlobalSection
	GlobalSection(ExtensibilityGlobals) = postSolution
		SolutionGuid = {F0A07CED-09BE-49AA-B613-2E3CCFE3D208}
	EndGlobalSection
EndGlobal
